
Microsoft Visual Studio Solution File, Format Version 12.00
# Visual Studio Version 17
VisualStudioVersion = 17.10.34607.79
MinimumVisualStudioVersion = 10.0.40219.1
Project("{FAE04EC0-301F-11D3-BF4B-00C04F79EFBC}") = "MFATest", "MFATest\MFATest.csproj", "{607B17F6-59E3-4ED0-BF7B-6AEA56D577CA}"
EndProject
Global
	GlobalSection(SolutionConfigurationPlatforms) = preSolution
		Debug|Any CPU = Debug|Any CPU
		Release|Any CPU = Release|Any CPU
	EndGlobalSection
	GlobalSection(ProjectConfigurationPlatforms) = postSolution
		{607B17F6-59E3-4ED0-BF7B-6AEA56D577CA}.Debug|Any CPU.ActiveCfg = Debug|Any CPU
		{607B17F6-59E3-4ED0-BF7B-6AEA56D577CA}.Debug|Any CPU.Build.0 = Debug|Any CPU
		{607B17F6-59E3-4ED0-BF7B-6AEA56D577CA}.Release|Any CPU.ActiveCfg = Release|Any CPU
		{607B17F6-59E3-4ED0-BF7B-6AEA56D577CA}.Release|Any CPU.Build.0 = Release|Any CPU
	EndGlobalSection
	GlobalSection(SolutionProperties) = preSolution
		HideSolutionNode = FALSE
	EndGlobalSection
	GlobalSection(ExtensibilityGlobals) = postSolution
		SolutionGuid = {35E9ED2F-E0CB-42B3-8FE0-6DB85F7AB18A}
	EndGlobalSection
EndGlobal
